
Microsoft Visual Studio Solution File, Format Version 12.00
Project("{FAE04EC0-301F-11D3-BF4B-00C04F79EFBC}") = "BlenderSuite.RenderQueue", "src\BlenderSuite.RenderQueue\BlenderSuite.RenderQueue.csproj", "{8792E03B-36C8-45F4-94CC-F6825382E0C6}"
EndProject
Project("{2150E333-8FDC-42A3-9474-1A3956D46DE8}") = "Solution Items", "Solution Items", "{3DA99C4E-89E3-4049-9C22-0A7EC60D83D8}"
	ProjectSection(SolutionItems) = preProject
		Directory.Packages.props = Directory.Packages.props
	EndProjectSection
EndProject
Project("{FAE04EC0-301F-11D3-BF4B-00C04F79EFBC}") = "BlenderSuite.RenderQueue.Tests", "tests\BlenderSuite.RenderQueue.Tests\BlenderSuite.RenderQueue.Tests.csproj", "{C00F98D2-7B89-4C4F-963D-E7063F9E8511}"
EndProject
Project("{2150E333-8FDC-42A3-9474-1A3956D46DE8}") = "src", "src", "{827E0CD3-B72D-47B6-A68D-7590B98EB39B}"
EndProject
Project("{FAE04EC0-301F-11D3-BF4B-00C04F79EFBC}") = "BlenderSuite.RenderQueue.BrowserPreview", "src\BlenderSuite.RenderQueue.BrowserPreview\BlenderSuite.RenderQueue.BrowserPreview.csproj", "{CC013089-9457-489E-8F37-94F448EEAE0E}"
EndProject
Global
	GlobalSection(SolutionConfigurationPlatforms) = preSolution
		Debug|Any CPU = Debug|Any CPU
		Debug|x64 = Debug|x64
		Debug|x86 = Debug|x86
		Release|Any CPU = Release|Any CPU
		Release|x64 = Release|x64
		Release|x86 = Release|x86
	EndGlobalSection
	GlobalSection(ProjectConfigurationPlatforms) = postSolution
		{8792E03B-36C8-45F4-94CC-F6825382E0C6}.Debug|Any CPU.ActiveCfg = Debug|Any CPU
		{8792E03B-36C8-45F4-94CC-F6825382E0C6}.Debug|Any CPU.Build.0 = Debug|Any CPU
		{8792E03B-36C8-45F4-94CC-F6825382E0C6}.Debug|x64.ActiveCfg = Debug|Any CPU
		{8792E03B-36C8-45F4-94CC-F6825382E0C6}.Debug|x64.Build.0 = Debug|Any CPU
		{8792E03B-36C8-45F4-94CC-F6825382E0C6}.Debug|x86.ActiveCfg = Debug|Any CPU
		{8792E03B-36C8-45F4-94CC-F6825382E0C6}.Debug|x86.Build.0 = Debug|Any CPU
		{8792E03B-36C8-45F4-94CC-F6825382E0C6}.Release|Any CPU.ActiveCfg = Release|Any CPU
		{8792E03B-36C8-45F4-94CC-F6825382E0C6}.Release|Any CPU.Build.0 = Release|Any CPU
		{8792E03B-36C8-45F4-94CC-F6825382E0C6}.Release|x64.ActiveCfg = Release|Any CPU
		{8792E03B-36C8-45F4-94CC-F6825382E0C6}.Release|x64.Build.0 = Release|Any CPU
		{8792E03B-36C8-45F4-94CC-F6825382E0C6}.Release|x86.ActiveCfg = Release|Any CPU
		{8792E03B-36C8-45F4-94CC-F6825382E0C6}.Release|x86.Build.0 = Release|Any CPU
		{C00F98D2-7B89-4C4F-963D-E7063F9E8511}.Debug|Any CPU.ActiveCfg = Debug|Any CPU
		{C00F98D2-7B89-4C4F-963D-E7063F9E8511}.Debug|Any CPU.Build.0 = Debug|Any CPU
		{C00F98D2-7B89-4C4F-963D-E7063F9E8511}.Debug|x64.ActiveCfg = Debug|Any CPU
		{C00F98D2-7B89-4C4F-963D-E7063F9E8511}.Debug|x64.Build.0 = Debug|Any CPU
		{C00F98D2-7B89-4C4F-963D-E7063F9E8511}.Debug|x86.ActiveCfg = Debug|Any CPU
		{C00F98D2-7B89-4C4F-963D-E7063F9E8511}.Debug|x86.Build.0 = Debug|Any CPU
		{C00F98D2-7B89-4C4F-963D-E7063F9E8511}.Release|Any CPU.ActiveCfg = Release|Any CPU
		{C00F98D2-7B89-4C4F-963D-E7063F9E8511}.Release|Any CPU.Build.0 = Release|Any CPU
		{C00F98D2-7B89-4C4F-963D-E7063F9E8511}.Release|x64.ActiveCfg = Release|Any CPU
		{C00F98D2-7B89-4C4F-963D-E7063F9E8511}.Release|x64.Build.0 = Release|Any CPU
		{C00F98D2-7B89-4C4F-963D-E7063F9E8511}.Release|x86.ActiveCfg = Release|Any CPU
		{C00F98D2-7B89-4C4F-963D-E7063F9E8511}.Release|x86.Build.0 = Release|Any CPU
		{CC013089-9457-489E-8F37-94F448EEAE0E}.Debug|Any CPU.ActiveCfg = Debug|Any CPU
		{CC013089-9457-489E-8F37-94F448EEAE0E}.Debug|Any CPU.Build.0 = Debug|Any CPU
		{CC013089-9457-489E-8F37-94F448EEAE0E}.Debug|x64.ActiveCfg = Debug|Any CPU
		{CC013089-9457-489E-8F37-94F448EEAE0E}.Debug|x64.Build.0 = Debug|Any CPU
		{CC013089-9457-489E-8F37-94F448EEAE0E}.Debug|x86.ActiveCfg = Debug|Any CPU
		{CC013089-9457-489E-8F37-94F448EEAE0E}.Debug|x86.Build.0 = Debug|Any CPU
		{CC013089-9457-489E-8F37-94F448EEAE0E}.Release|Any CPU.ActiveCfg = Release|Any CPU
		{CC013089-9457-489E-8F37-94F448EEAE0E}.Release|Any CPU.Build.0 = Release|Any CPU
		{CC013089-9457-489E-8F37-94F448EEAE0E}.Release|x64.ActiveCfg = Release|Any CPU
		{CC013089-9457-489E-8F37-94F448EEAE0E}.Release|x64.Build.0 = Release|Any CPU
		{CC013089-9457-489E-8F37-94F448EEAE0E}.Release|x86.ActiveCfg = Release|Any CPU
		{CC013089-9457-489E-8F37-94F448EEAE0E}.Release|x86.Build.0 = Release|Any CPU
	EndGlobalSection
	GlobalSection(SolutionProperties) = preSolution
		HideSolutionNode = FALSE
	EndGlobalSection
	GlobalSection(NestedProjects) = preSolution
		{CC013089-9457-489E-8F37-94F448EEAE0E} = {827E0CD3-B72D-47B6-A68D-7590B98EB39B}
	EndGlobalSection
	GlobalSection(ExtensibilityGlobals) = postSolution
		SolutionGuid = {83CB65B8-011F-4ED7-BCD3-A6CFA935EF7E}
	EndGlobalSection
EndGlobal
